{
  "name": "cli",
  "version": "1.0.0",
  "lockfileVersion": 2,
  "requires": true,
  "packages": {
    "": {
      "name": "cli",
      "version": "1.0.0",
      "license": "ISC",
      "dependencies": {
        "ansi-code": "^1.0.2",
        "blessed": "file:../blessed",
        "lunae": "file:../lunae"
      }
    },
    "../blessed": {
      "name": "blessed",
      "version": "0.1.81",
      "license": "MIT",
      "dependencies": {
        "node-pty": "^0.10.1",
        "term.js": "^0.0.7",
        "xterm": "^2.8.1"
      },
      "bin": {
        "blessed": "bin/tput.js"
      },
      "engines": {
        "node": ">= 0.8.0"
      }
    },
    "../lunae": {
      "name": "lunae",
      "version": "0.0.1",
      "license": "ISC",
      "dependencies": {
        "node-fetch": "^2.6.7",
        "ws": "^8.8.0"
      }
    },
    "node_modules/ansi-code": {
      "version": "1.0.2",
      "resolved": "https://registry.npmjs.org/ansi-code/-/ansi-code-1.0.2.tgz",
      "integrity": "sha512-hFMgjXnnUR1iDbXaFIPkzfoH0kPaM+q9sgFV7Dt0k3iMyJpzdPQSVWdRRkw4rIYZlaWNCwjYIAK0K/UWDScitQ=="
    },
    "node_modules/blessed": {
      "resolved": "../blessed",
      "link": true
    },
    "node_modules/lunae": {
      "resolved": "../lunae",
      "link": true
    }
  },
  "dependencies": {
    "ansi-code": {
      "version": "1.0.2",
      "resolved": "https://registry.npmjs.org/ansi-code/-/ansi-code-1.0.2.tgz",
      "integrity": "sha512-hFMgjXnnUR1iDbXaFIPkzfoH0kPaM+q9sgFV7Dt0k3iMyJpzdPQSVWdRRkw4rIYZlaWNCwjYIAK0K/UWDScitQ=="
    },
    "blessed": {
      "version": "file:../blessed",
      "requires": {
        "node-pty": "^0.10.1",
        "term.js": "^0.0.7",
        "xterm": "^2.8.1"
      }
    },
    "lunae": {
      "version": "file:../lunae",
      "requires": {
        "node-fetch": "^2.6.7",
        "ws": "^8.8.0"
      }
    }
  }
}
