{
  "name": "@lilevil/cli",
  "version": "1.0.1",
  "lockfileVersion": 2,
  "requires": true,
  "packages": {
    "": {
      "name": "@lilevil/cli",
      "version": "1.0.1",
      "license": "ISC",
      "dependencies": {
        "@lilevil/blessed": "^0.1.81",
        "ansi-code": "^1.0.2"
      }
    },
    "node_modules/@lilevil/blessed": {
      "version": "0.1.81",
      "resolved": "https://registry.npmjs.org/@lilevil/blessed/-/blessed-0.1.81.tgz",
      "integrity": "sha512-tFZGU1mJPdEe1LWBzClBLwWYbWJ34oXNGKOZWTSLVqVjVDBsQB8McZaJVC0Vj07dfx9Hu2yjx55edrZCFdaDEw==",
      "dependencies": {
        "node-pty": "^0.10.1",
        "term.js": "^0.0.7"
      },
      "bin": {
        "blessed": "bin/tput.js"
      },
      "engines": {
        "node": ">= 0.8.0"
      }
    },
    "node_modules/ansi-code": {
      "version": "1.0.2",
      "resolved": "https://registry.npmjs.org/ansi-code/-/ansi-code-1.0.2.tgz",
      "integrity": "sha512-hFMgjXnnUR1iDbXaFIPkzfoH0kPaM+q9sgFV7Dt0k3iMyJpzdPQSVWdRRkw4rIYZlaWNCwjYIAK0K/UWDScitQ=="
    },
    "node_modules/nan": {
      "version": "2.16.0",
      "resolved": "https://registry.npmjs.org/nan/-/nan-2.16.0.tgz",
      "integrity": "sha512-UdAqHyFngu7TfQKsCBgAA6pWDkT8MAO7d0jyOecVhN5354xbLqdn8mV9Tat9gepAupm0bt2DbeaSC8vS52MuFA=="
    },
    "node_modules/node-pty": {
      "version": "0.10.1",
      "resolved": "https://registry.npmjs.org/node-pty/-/node-pty-0.10.1.tgz",
      "integrity": "sha512-JTdtUS0Im/yRsWJSx7yiW9rtpfmxqxolrtnyKwPLI+6XqTAPW/O2MjS8FYL4I5TsMbH2lVgDb2VMjp+9LoQGNg==",
      "hasInstallScript": true,
      "dependencies": {
        "nan": "^2.14.0"
      }
    },
    "node_modules/term.js": {
      "version": "0.0.7",
      "resolved": "https://registry.npmjs.org/term.js/-/term.js-0.0.7.tgz",
      "integrity": "sha512-c65+7Z/51TDl/owjT2BrPHhMtJu5MjcvPWTC2oAV/ybzuwUCuj5/OQ08urfEHkQpfphyXs/zZRCjZfnSC3bntA==",
      "engines": {
        "node": ">= 0.8.0"
      }
    }
  },
  "dependencies": {
    "@lilevil/blessed": {
      "version": "0.1.81",
      "resolved": "https://registry.npmjs.org/@lilevil/blessed/-/blessed-0.1.81.tgz",
      "integrity": "sha512-tFZGU1mJPdEe1LWBzClBLwWYbWJ34oXNGKOZWTSLVqVjVDBsQB8McZaJVC0Vj07dfx9Hu2yjx55edrZCFdaDEw==",
      "requires": {
        "node-pty": "^0.10.1",
        "term.js": "^0.0.7"
      }
    },
    "ansi-code": {
      "version": "1.0.2",
      "resolved": "https://registry.npmjs.org/ansi-code/-/ansi-code-1.0.2.tgz",
      "integrity": "sha512-hFMgjXnnUR1iDbXaFIPkzfoH0kPaM+q9sgFV7Dt0k3iMyJpzdPQSVWdRRkw4rIYZlaWNCwjYIAK0K/UWDScitQ=="
    },
    "nan": {
      "version": "2.16.0",
      "resolved": "https://registry.npmjs.org/nan/-/nan-2.16.0.tgz",
      "integrity": "sha512-UdAqHyFngu7TfQKsCBgAA6pWDkT8MAO7d0jyOecVhN5354xbLqdn8mV9Tat9gepAupm0bt2DbeaSC8vS52MuFA=="
    },
    "node-pty": {
      "version": "0.10.1",
      "resolved": "https://registry.npmjs.org/node-pty/-/node-pty-0.10.1.tgz",
      "integrity": "sha512-JTdtUS0Im/yRsWJSx7yiW9rtpfmxqxolrtnyKwPLI+6XqTAPW/O2MjS8FYL4I5TsMbH2lVgDb2VMjp+9LoQGNg==",
      "requires": {
        "nan": "^2.14.0"
      }
    },
    "term.js": {
      "version": "0.0.7",
      "resolved": "https://registry.npmjs.org/term.js/-/term.js-0.0.7.tgz",
      "integrity": "sha512-c65+7Z/51TDl/owjT2BrPHhMtJu5MjcvPWTC2oAV/ybzuwUCuj5/OQ08urfEHkQpfphyXs/zZRCjZfnSC3bntA=="
    }
  }
}
